
Microsoft Visual Studio Solution File, Format Version 12.00
# Visual Studio Version 16
VisualStudioVersion = 16.0.29519.87
MinimumVisualStudioVersion = 10.0.40219.1
Project("{FAE04EC0-301F-11D3-BF4B-00C04F79EFBC}") = "MyFirstAPI", "MyFirstAPI\MyFirstAPI.csproj", "{4934B796-A957-4086-AFD4-E2183F218432}"
EndProject
Project("{FAE04EC0-301F-11D3-BF4B-00C04F79EFBC}") = "UseWebAPI", "UseWebAPI\UseWebAPI.csproj", "{22CAEB3A-7181-4FAE-9254-CCD0725E203E}"
EndProject
Global
	GlobalSection(SolutionConfigurationPlatforms) = preSolution
		Debug|Any CPU = Debug|Any CPU
		Release|Any CPU = Release|Any CPU
	EndGlobalSection
	GlobalSection(ProjectConfigurationPlatforms) = postSolution
		{4934B796-A957-4086-AFD4-E2183F218432}.Debug|Any CPU.ActiveCfg = Debug|Any CPU
		{4934B796-A957-4086-AFD4-E2183F218432}.Debug|Any CPU.Build.0 = Debug|Any CPU
		{4934B796-A957-4086-AFD4-E2183F218432}.Release|Any CPU.ActiveCfg = Release|Any CPU
		{4934B796-A957-4086-AFD4-E2183F218432}.Release|Any CPU.Build.0 = Release|Any CPU
		{22CAEB3A-7181-4FAE-9254-CCD0725E203E}.Debug|Any CPU.ActiveCfg = Debug|Any CPU
		{22CAEB3A-7181-4FAE-9254-CCD0725E203E}.Debug|Any CPU.Build.0 = Debug|Any CPU
		{22CAEB3A-7181-4FAE-9254-CCD0725E203E}.Release|Any CPU.ActiveCfg = Release|Any CPU
		{22CAEB3A-7181-4FAE-9254-CCD0725E203E}.Release|Any CPU.Build.0 = Release|Any CPU
	EndGlobalSection
	GlobalSection(SolutionProperties) = preSolution
		HideSolutionNode = FALSE
	EndGlobalSection
	GlobalSection(ExtensibilityGlobals) = postSolution
		SolutionGuid = {0FC68E20-9FDC-4A0D-BFAB-B266AEEEACE8}
	EndGlobalSection
EndGlobal
